// !$*UTF8*$!
{
	archiveVersion = 1;
	classes = {
	};
	objectVersion = 48;
	objects = {

/* Begin PBXBuildFile section */
		1E559D041FE259C0009E6215 /* GroupChatListCellMeSecret.swift in Sources */ = {isa = PBXBuildFile; fileRef = 1E559D031FE259C0009E6215 /* GroupChatListCellMeSecret.swift */; };
		1E559D061FE259CF009E6215 /* GroupChatListCellOtherSecret.swift in Sources */ = {isa = PBXBuildFile; fileRef = 1E559D051FE259CF009E6215 /* GroupChatListCellOtherSecret.swift */; };
		1E9BA2421FE144F80031D5BB /* AppDelegate.swift in Sources */ = {isa = PBXBuildFile; fileRef = 1E9BA2411FE144F80031D5BB /* AppDelegate.swift */; };
		1E9BA2441FE144F80031D5BB /* ViewController.swift in Sources */ = {isa = PBXBuildFile; fileRef = 1E9BA2431FE144F80031D5BB /* ViewController.swift */; };
		1E9BA2471FE144F80031D5BB /* Main.storyboard in Resources */ = {isa = PBXBuildFile; fileRef = 1E9BA2451FE144F80031D5BB /* Main.storyboard */; };
		1E9BA2491FE144F80031D5BB /* Assets.xcassets in Resources */ = {isa = PBXBuildFile; fileRef = 1E9BA2481FE144F80031D5BB /* Assets.xcassets */; };
		1E9BA24C1FE144F80031D5BB /* LaunchScreen.storyboard in Resources */ = {isa = PBXBuildFile; fileRef = 1E9BA24A1FE144F80031D5BB /* LaunchScreen.storyboard */; };
		1E9BA2541FE14C0C0031D5BB /* GroupChatListViewController.swift in Sources */ = {isa = PBXBuildFile; fileRef = 1E9BA2531FE14C0C0031D5BB /* GroupChatListViewController.swift */; };
		20022DD731D38A83107BA15C /* Pods_MoralVictory.framework in Frameworks */ = {isa = PBXBuildFile; fileRef = 07E489923390AAD0FE6A7793 /* Pods_MoralVictory.framework */; };
		20C7FE5D1FE15F6C008A6A2A /* IndexChatView.swift in Sources */ = {isa = PBXBuildFile; fileRef = 20C7FE5C1FE15F6C008A6A2A /* IndexChatView.swift */; };
		20C9C1B71FE14E0D00440D30 /* TalkDataHelper.swift in Sources */ = {isa = PBXBuildFile; fileRef = 20C9C1B61FE14E0D00440D30 /* TalkDataHelper.swift */; };
		20C9C1BA1FE14E2300440D30 /* Talk.swift in Sources */ = {isa = PBXBuildFile; fileRef = 20C9C1B91FE14E2300440D30 /* Talk.swift */; };
		20C9C1BC1FE150DE00440D30 /* TalkViewController.swift in Sources */ = {isa = PBXBuildFile; fileRef = 20C9C1BB1FE150DE00440D30 /* TalkViewController.swift */; };
		670C2F051FE241F700FDE29E /* GoogleService-Info.plist in Resources */ = {isa = PBXBuildFile; fileRef = 670C2F041FE241F600FDE29E /* GoogleService-Info.plist */; };
		670C2F071FE2436200FDE29E /* Messages.framework in Frameworks */ = {isa = PBXBuildFile; fileRef = 670C2F061FE2436100FDE29E /* Messages.framework */; };
		CE4836B41FE21698002A1F68 /* GroupChatListCell.swift in Sources */ = {isa = PBXBuildFile; fileRef = CE4836B31FE21698002A1F68 /* GroupChatListCell.swift */; };
		CE4836B61FE21713002A1F68 /* GroupChatListCellMe.swift in Sources */ = {isa = PBXBuildFile; fileRef = CE4836B51FE21713002A1F68 /* GroupChatListCellMe.swift */; };
		CE4836B81FE21730002A1F68 /* GroupChatListCellOther.swift in Sources */ = {isa = PBXBuildFile; fileRef = CE4836B71FE21730002A1F68 /* GroupChatListCellOther.swift */; };
/* End PBXBuildFile section */

/* Begin PBXFileReference section */
		07E489923390AAD0FE6A7793 /* Pods_MoralVictory.framework */ = {isa = PBXFileReference; explicitFileType = wrapper.framework; includeInIndex = 0; path = Pods_MoralVictory.framework; sourceTree = BUILT_PRODUCTS_DIR; };
		0EC74668F04705EC78834892 /* Pods-MoralVictory.release.xcconfig */ = {isa = PBXFileReference; includeInIndex = 1; lastKnownFileType = text.xcconfig; name = "Pods-MoralVictory.release.xcconfig"; path = "Pods/Target Support Files/Pods-MoralVictory/Pods-MoralVictory.release.xcconfig"; sourceTree = "<group>"; };
		1E559D031FE259C0009E6215 /* GroupChatListCellMeSecret.swift */ = {isa = PBXFileReference; lastKnownFileType = sourcecode.swift; path = GroupChatListCellMeSecret.swift; sourceTree = "<group>"; };
		1E559D051FE259CF009E6215 /* GroupChatListCellOtherSecret.swift */ = {isa = PBXFileReference; lastKnownFileType = sourcecode.swift; path = GroupChatListCellOtherSecret.swift; sourceTree = "<group>"; };
		1E9BA23E1FE144F80031D5BB /* MoralVictory.app */ = {isa = PBXFileReference; explicitFileType = wrapper.application; includeInIndex = 0; path = MoralVictory.app; sourceTree = BUILT_PRODUCTS_DIR; };
		1E9BA2411FE144F80031D5BB /* AppDelegate.swift */ = {isa = PBXFileReference; lastKnownFileType = sourcecode.swift; path = AppDelegate.swift; sourceTree = "<group>"; };
		1E9BA2431FE144F80031D5BB /* ViewController.swift */ = {isa = PBXFileReference; lastKnownFileType = sourcecode.swift; path = ViewController.swift; sourceTree = "<group>"; };
		1E9BA2461FE144F80031D5BB /* Base */ = {isa = PBXFileReference; lastKnownFileType = file.storyboard; name = Base; path = Base.lproj/Main.storyboard; sourceTree = "<group>"; };
		1E9BA2481FE144F80031D5BB /* Assets.xcassets */ = {isa = PBXFileReference; lastKnownFileType = folder.assetcatalog; path = Assets.xcassets; sourceTree = "<group>"; };
		1E9BA24B1FE144F80031D5BB /* Base */ = {isa = PBXFileReference; lastKnownFileType = file.storyboard; name = Base; path = Base.lproj/LaunchScreen.storyboard; sourceTree = "<group>"; };
		1E9BA24D1FE144F80031D5BB /* Info.plist */ = {isa = PBXFileReference; lastKnownFileType = text.plist.xml; path = Info.plist; sourceTree = "<group>"; };
		1E9BA2531FE14C0C0031D5BB /* GroupChatListViewController.swift */ = {isa = PBXFileReference; lastKnownFileType = sourcecode.swift; path = GroupChatListViewController.swift; sourceTree = "<group>"; };
		20C7FE5C1FE15F6C008A6A2A /* IndexChatView.swift */ = {isa = PBXFileReference; lastKnownFileType = sourcecode.swift; path = IndexChatView.swift; sourceTree = "<group>"; };
		20C9C1B61FE14E0D00440D30 /* TalkDataHelper.swift */ = {isa = PBXFileReference; lastKnownFileType = sourcecode.swift; path = TalkDataHelper.swift; sourceTree = "<group>"; };
		20C9C1B91FE14E2300440D30 /* Talk.swift */ = {isa = PBXFileReference; lastKnownFileType = sourcecode.swift; path = Talk.swift; sourceTree = "<group>"; };
		20C9C1BB1FE150DE00440D30 /* TalkViewController.swift */ = {isa = PBXFileReference; lastKnownFileType = sourcecode.swift; path = TalkViewController.swift; sourceTree = "<group>"; };
		4113409C412577EE175EF869 /* Pods-MoralVictory.debug.xcconfig */ = {isa = PBXFileReference; includeInIndex = 1; lastKnownFileType = text.xcconfig; name = "Pods-MoralVictory.debug.xcconfig"; path = "Pods/Target Support Files/Pods-MoralVictory/Pods-MoralVictory.debug.xcconfig"; sourceTree = "<group>"; };
		670C2F031FE2419900FDE29E /* MoralVictory.entitlements */ = {isa = PBXFileReference; lastKnownFileType = text.plist.entitlements; path = MoralVictory.entitlements; sourceTree = "<group>"; };
		670C2F041FE241F600FDE29E /* GoogleService-Info.plist */ = {isa = PBXFileReference; fileEncoding = 4; lastKnownFileType = text.plist.xml; path = "GoogleService-Info.plist"; sourceTree = "<group>"; };
		670C2F061FE2436100FDE29E /* Messages.framework */ = {isa = PBXFileReference; lastKnownFileType = wrapper.framework; name = Messages.framework; path = System/Library/Frameworks/Messages.framework; sourceTree = SDKROOT; };
		CE4836B31FE21698002A1F68 /* GroupChatListCell.swift */ = {isa = PBXFileReference; lastKnownFileType = sourcecode.swift; path = GroupChatListCell.swift; sourceTree = "<group>"; };
		CE4836B51FE21713002A1F68 /* GroupChatListCellMe.swift */ = {isa = PBXFileReference; lastKnownFileType = sourcecode.swift; path = GroupChatListCellMe.swift; sourceTree = "<group>"; };
		CE4836B71FE21730002A1F68 /* GroupChatListCellOther.swift */ = {isa = PBXFileReference; lastKnownFileType = sourcecode.swift; path = GroupChatListCellOther.swift; sourceTree = "<group>"; };
/* End PBXFileReference section */

/* Begin PBXFrameworksBuildPhase section */
		1E9BA23B1FE144F80031D5BB /* Frameworks */ = {
			isa = PBXFrameworksBuildPhase;
			buildActionMask = 2147483647;
			files = (
				670C2F071FE2436200FDE29E /* Messages.framework in Frameworks */,
				20022DD731D38A83107BA15C /* Pods_MoralVictory.framework in Frameworks */,
			);
			runOnlyForDeploymentPostprocessing = 0;
		};
/* End PBXFrameworksBuildPhase section */

/* Begin PBXGroup section */
		1607E412643919CDC67ECC44 /* Pods */ = {
			isa = PBXGroup;
			children = (
				4113409C412577EE175EF869 /* Pods-MoralVictory.debug.xcconfig */,
				0EC74668F04705EC78834892 /* Pods-MoralVictory.release.xcconfig */,
			);
			name = Pods;
			sourceTree = "<group>";
		};
		1E9BA2351FE144F80031D5BB = {
			isa = PBXGroup;
			children = (
				1E9BA2401FE144F80031D5BB /* MoralVictory */,
				1E9BA23F1FE144F80031D5BB /* Products */,
				1607E412643919CDC67ECC44 /* Pods */,
				D7E3230D15EE70BCFFC6341A /* Frameworks */,
			);
			sourceTree = "<group>";
		};
		1E9BA23F1FE144F80031D5BB /* Products */ = {
			isa = PBXGroup;
			children = (
				1E9BA23E1FE144F80031D5BB /* MoralVictory.app */,
			);
			name = Products;
			sourceTree = "<group>";
		};
		1E9BA2401FE144F80031D5BB /* MoralVictory */ = {
			isa = PBXGroup;
			children = (
				670C2F041FE241F600FDE29E /* GoogleService-Info.plist */,
				670C2F031FE2419900FDE29E /* MoralVictory.entitlements */,
				20C9C1B81FE14E1700440D30 /* Model */,
				20C9C1B51FE14DE300440D30 /* DataHelper */,
				20C9C1B41FE14DDF00440D30 /* ViewController */,
				1E9BA2411FE144F80031D5BB /* AppDelegate.swift */,
				1E9BA2431FE144F80031D5BB /* ViewController.swift */,
				1E9BA2451FE144F80031D5BB /* Main.storyboard */,
				1E9BA2481FE144F80031D5BB /* Assets.xcassets */,
				1E9BA24A1FE144F80031D5BB /* LaunchScreen.storyboard */,
				1E9BA24D1FE144F80031D5BB /* Info.plist */,
				1E9BA2531FE14C0C0031D5BB /* GroupChatListViewController.swift */,
				CE4836B31FE21698002A1F68 /* GroupChatListCell.swift */,
				CE4836B51FE21713002A1F68 /* GroupChatListCellMe.swift */,
				1E559D031FE259C0009E6215 /* GroupChatListCellMeSecret.swift */,
				CE4836B71FE21730002A1F68 /* GroupChatListCellOther.swift */,
				1E559D051FE259CF009E6215 /* GroupChatListCellOtherSecret.swift */,
				20C7FE5C1FE15F6C008A6A2A /* IndexChatView.swift */,
			);
			path = MoralVictory;
			sourceTree = "<group>";
		};
		20C9C1B41FE14DDF00440D30 /* ViewController */ = {
			isa = PBXGroup;
			children = (
				20C9C1BB1FE150DE00440D30 /* TalkViewController.swift */,
			);
			path = ViewController;
			sourceTree = "<group>";
		};
		20C9C1B51FE14DE300440D30 /* DataHelper */ = {
			isa = PBXGroup;
			children = (
				20C9C1B61FE14E0D00440D30 /* TalkDataHelper.swift */,
			);
			path = DataHelper;
			sourceTree = "<group>";
		};
		20C9C1B81FE14E1700440D30 /* Model */ = {
			isa = PBXGroup;
			children = (
				20C9C1B91FE14E2300440D30 /* Talk.swift */,
			);
			path = Model;
			sourceTree = "<group>";
		};
		D7E3230D15EE70BCFFC6341A /* Frameworks */ = {
			isa = PBXGroup;
			children = (
				670C2F061FE2436100FDE29E /* Messages.framework */,
				07E489923390AAD0FE6A7793 /* Pods_MoralVictory.framework */,
			);
			name = Frameworks;
			sourceTree = "<group>";
		};
/* End PBXGroup section */

/* Begin PBXNativeTarget section */
		1E9BA23D1FE144F80031D5BB /* MoralVictory */ = {
			isa = PBXNativeTarget;
			buildConfigurationList = 1E9BA2501FE144F80031D5BB /* Build configuration list for PBXNativeTarget "MoralVictory" */;
			buildPhases = (
				E2B5E0314E42FCF107FA1C27 /* [CP] Check Pods Manifest.lock */,
				1E9BA23A1FE144F80031D5BB /* Sources */,
				1E9BA23B1FE144F80031D5BB /* Frameworks */,
				1E9BA23C1FE144F80031D5BB /* Resources */,
				9F72775481A1E7B5DD570E16 /* [CP] Embed Pods Frameworks */,
				9A262332D3010BFB514519F8 /* [CP] Copy Pods Resources */,
			);
			buildRules = (
			);
			dependencies = (
			);
			name = MoralVictory;
			productName = MoralVictory;
			productReference = 1E9BA23E1FE144F80031D5BB /* MoralVictory.app */;
			productType = "com.apple.product-type.application";
		};
/* End PBXNativeTarget section */

/* Begin PBXProject section */
		1E9BA2361FE144F80031D5BB /* Project object */ = {
			isa = PBXProject;
			attributes = {
				LastSwiftUpdateCheck = 0920;
				LastUpgradeCheck = 0920;
				ORGANIZATIONNAME = "김도윤";
				TargetAttributes = {
					1E9BA23D1FE144F80031D5BB = {
						CreatedOnToolsVersion = 9.2;
						ProvisioningStyle = Manual;
						SystemCapabilities = {
							com.apple.Push = {
								enabled = 1;
							};
						};
					};
				};
			};
			buildConfigurationList = 1E9BA2391FE144F80031D5BB /* Build configuration list for PBXProject "MoralVictory" */;
			compatibilityVersion = "Xcode 8.0";
			developmentRegion = en;
			hasScannedForEncodings = 0;
			knownRegions = (
				en,
				Base,
			);
			mainGroup = 1E9BA2351FE144F80031D5BB;
			productRefGroup = 1E9BA23F1FE144F80031D5BB /* Products */;
			projectDirPath = "";
			projectRoot = "";
			targets = (
				1E9BA23D1FE144F80031D5BB /* MoralVictory */,
			);
		};
/* End PBXProject section */

/* Begin PBXResourcesBuildPhase section */
		1E9BA23C1FE144F80031D5BB /* Resources */ = {
			isa = PBXResourcesBuildPhase;
			buildActionMask = 2147483647;
			files = (
				1E9BA24C1FE144F80031D5BB /* LaunchScreen.storyboard in Resources */,
				670C2F051FE241F700FDE29E /* GoogleService-Info.plist in Resources */,
				1E9BA2491FE144F80031D5BB /* Assets.xcassets in Resources */,
				1E9BA2471FE144F80031D5BB /* Main.storyboard in Resources */,
			);
			runOnlyForDeploymentPostprocessing = 0;
		};
/* End PBXResourcesBuildPhase section */

/* Begin PBXShellScriptBuildPhase section */
		9A262332D3010BFB514519F8 /* [CP] Copy Pods Resources */ = {
			isa = PBXShellScriptBuildPhase;
			buildActionMask = 2147483647;
			files = (
			);
			inputPaths = (
			);
			name = "[CP] Copy Pods Resources";
			outputPaths = (
			);
			runOnlyForDeploymentPostprocessing = 0;
			shellPath = /bin/sh;
			shellScript = "\"${SRCROOT}/Pods/Target Support Files/Pods-MoralVictory/Pods-MoralVictory-resources.sh\"\n";
			showEnvVarsInLog = 0;
		};
		9F72775481A1E7B5DD570E16 /* [CP] Embed Pods Frameworks */ = {
			isa = PBXShellScriptBuildPhase;
			buildActionMask = 2147483647;
			files = (
			);
			inputPaths = (
				"${SRCROOT}/Pods/Target Support Files/Pods-MoralVictory/Pods-MoralVictory-frameworks.sh",
				"${BUILT_PRODUCTS_DIR}/Alamofire/Alamofire.framework",
				"${BUILT_PRODUCTS_DIR}/GoogleToolboxForMac/GoogleToolboxForMac.framework",
				"${BUILT_PRODUCTS_DIR}/Hero/Hero.framework",
				"${BUILT_PRODUCTS_DIR}/IQKeyboardManager/IQKeyboardManager.framework",
				"${BUILT_PRODUCTS_DIR}/Moya/Moya.framework",
				"${BUILT_PRODUCTS_DIR}/Protobuf/Protobuf.framework",
				"${BUILT_PRODUCTS_DIR}/PureLayout/PureLayout.framework",
				"${BUILT_PRODUCTS_DIR}/Result/Result.framework",
				"${BUILT_PRODUCTS_DIR}/RxCocoa/RxCocoa.framework",
				"${BUILT_PRODUCTS_DIR}/RxSwift/RxSwift.framework",
				"${BUILT_PRODUCTS_DIR}/nanopb/nanopb.framework",
			);
			name = "[CP] Embed Pods Frameworks";
			outputPaths = (
				"${TARGET_BUILD_DIR}/${FRAMEWORKS_FOLDER_PATH}/Alamofire.framework",
				"${TARGET_BUILD_DIR}/${FRAMEWORKS_FOLDER_PATH}/GoogleToolboxForMac.framework",
				"${TARGET_BUILD_DIR}/${FRAMEWORKS_FOLDER_PATH}/Hero.framework",
				"${TARGET_BUILD_DIR}/${FRAMEWORKS_FOLDER_PATH}/IQKeyboardManager.framework",
				"${TARGET_BUILD_DIR}/${FRAMEWORKS_FOLDER_PATH}/Moya.framework",
				"${TARGET_BUILD_DIR}/${FRAMEWORKS_FOLDER_PATH}/Protobuf.framework",
				"${TARGET_BUILD_DIR}/${FRAMEWORKS_FOLDER_PATH}/PureLayout.framework",
				"${TARGET_BUILD_DIR}/${FRAMEWORKS_FOLDER_PATH}/Result.framework",
				"${TARGET_BUILD_DIR}/${FRAMEWORKS_FOLDER_PATH}/RxCocoa.framework",
				"${TARGET_BUILD_DIR}/${FRAMEWORKS_FOLDER_PATH}/RxSwift.framework",
				"${TARGET_BUILD_DIR}/${FRAMEWORKS_FOLDER_PATH}/nanopb.framework",
			);
			runOnlyForDeploymentPostprocessing = 0;
			shellPath = /bin/sh;
			shellScript = "\"${SRCROOT}/Pods/Target Support Files/Pods-MoralVictory/Pods-MoralVictory-frameworks.sh\"\n";
			showEnvVarsInLog = 0;
		};
		E2B5E0314E42FCF107FA1C27 /* [CP] Check Pods Manifest.lock */ = {
			isa = PBXShellScriptBuildPhase;
			buildActionMask = 2147483647;
			files = (
			);
			inputPaths = (
				"${PODS_PODFILE_DIR_PATH}/Podfile.lock",
				"${PODS_ROOT}/Manifest.lock",
			);
			name = "[CP] Check Pods Manifest.lock";
			outputPaths = (
				"$(DERIVED_FILE_DIR)/Pods-MoralVictory-checkManifestLockResult.txt",
			);
			runOnlyForDeploymentPostprocessing = 0;
			shellPath = /bin/sh;
			shellScript = "diff \"${PODS_PODFILE_DIR_PATH}/Podfile.lock\" \"${PODS_ROOT}/Manifest.lock\" > /dev/null\nif [ $? != 0 ] ; then\n    # print error to STDERR\n    echo \"error: The sandbox is not in sync with the Podfile.lock. Run 'pod install' or update your CocoaPods installation.\" >&2\n    exit 1\nfi\n# This output is used by Xcode 'outputs' to avoid re-running this script phase.\necho \"SUCCESS\" > \"${SCRIPT_OUTPUT_FILE_0}\"\n";
			showEnvVarsInLog = 0;
		};
/* End PBXShellScriptBuildPhase section */

/* Begin PBXSourcesBuildPhase section */
		1E9BA23A1FE144F80031D5BB /* Sources */ = {
			isa = PBXSourcesBuildPhase;
			buildActionMask = 2147483647;
			files = (
				1E9BA2541FE14C0C0031D5BB /* GroupChatListViewController.swift in Sources */,
				20C9C1B71FE14E0D00440D30 /* TalkDataHelper.swift in Sources */,
				CE4836B81FE21730002A1F68 /* GroupChatListCellOther.swift in Sources */,
				20C9C1BA1FE14E2300440D30 /* Talk.swift in Sources */,
				CE4836B41FE21698002A1F68 /* GroupChatListCell.swift in Sources */,
				1E9BA2441FE144F80031D5BB /* ViewController.swift in Sources */,
				1E559D061FE259CF009E6215 /* GroupChatListCellOtherSecret.swift in Sources */,
				CE4836B61FE21713002A1F68 /* GroupChatListCellMe.swift in Sources */,
				1E9BA2421FE144F80031D5BB /* AppDelegate.swift in Sources */,
				20C7FE5D1FE15F6C008A6A2A /* IndexChatView.swift in Sources */,
				20C9C1BC1FE150DE00440D30 /* TalkViewController.swift in Sources */,
				1E559D041FE259C0009E6215 /* GroupChatListCellMeSecret.swift in Sources */,
			);
			runOnlyForDeploymentPostprocessing = 0;
		};
/* End PBXSourcesBuildPhase section */

/* Begin PBXVariantGroup section */
		1E9BA2451FE144F80031D5BB /* Main.storyboard */ = {
			isa = PBXVariantGroup;
			children = (
				1E9BA2461FE144F80031D5BB /* Base */,
			);
			name = Main.storyboard;
			sourceTree = "<group>";
		};
		1E9BA24A1FE144F80031D5BB /* LaunchScreen.storyboard */ = {
			isa = PBXVariantGroup;
			children = (
				1E9BA24B1FE144F80031D5BB /* Base */,
			);
			name = LaunchScreen.storyboard;
			sourceTree = "<group>";
		};
/* End PBXVariantGroup section */

/* Begin XCBuildConfiguration section */
		1E9BA24E1FE144F80031D5BB /* Debug */ = {
			isa = XCBuildConfiguration;
			buildSettings = {
				ALWAYS_SEARCH_USER_PATHS = NO;
				CLANG_ANALYZER_NONNULL = YES;
				CLANG_ANALYZER_NUMBER_OBJECT_CONVERSION = YES_AGGRESSIVE;
				CLANG_CXX_LANGUAGE_STANDARD = "gnu++14";
				CLANG_CXX_LIBRARY = "libc++";
				CLANG_ENABLE_MODULES = YES;
				CLANG_ENABLE_OBJC_ARC = YES;
				CLANG_WARN_BLOCK_CAPTURE_AUTORELEASING = YES;
				CLANG_WARN_BOOL_CONVERSION = YES;
				CLANG_WARN_COMMA = YES;
				CLANG_WARN_CONSTANT_CONVERSION = YES;
				CLANG_WARN_DIRECT_OBJC_ISA_USAGE = YES_ERROR;
				CLANG_WARN_DOCUMENTATION_COMMENTS = YES;
				CLANG_WARN_EMPTY_BODY = YES;
				CLANG_WARN_ENUM_CONVERSION = YES;
				CLANG_WARN_INFINITE_RECURSION = YES;
				CLANG_WARN_INT_CONVERSION = YES;
				CLANG_WARN_NON_LITERAL_NULL_CONVERSION = YES;
				CLANG_WARN_OBJC_LITERAL_CONVERSION = YES;
				CLANG_WARN_OBJC_ROOT_CLASS = YES_ERROR;
				CLANG_WARN_RANGE_LOOP_ANALYSIS = YES;
				CLANG_WARN_STRICT_PROTOTYPES = YES;
				CLANG_WARN_SUSPICIOUS_MOVE = YES;
				CLANG_WARN_UNGUARDED_AVAILABILITY = YES_AGGRESSIVE;
				CLANG_WARN_UNREACHABLE_CODE = YES;
				CLANG_WARN__DUPLICATE_METHOD_MATCH = YES;
				CODE_SIGN_IDENTITY = "iPhone Developer";
				COPY_PHASE_STRIP = NO;
				DEBUG_INFORMATION_FORMAT = dwarf;
				ENABLE_STRICT_OBJC_MSGSEND = YES;
				ENABLE_TESTABILITY = YES;
				GCC_C_LANGUAGE_STANDARD = gnu11;
				GCC_DYNAMIC_NO_PIC = NO;
				GCC_NO_COMMON_BLOCKS = YES;
				GCC_OPTIMIZATION_LEVEL = 0;
				GCC_PREPROCESSOR_DEFINITIONS = (
					"DEBUG=1",
					"$(inherited)",
				);
				GCC_WARN_64_TO_32_BIT_CONVERSION = YES;
				GCC_WARN_ABOUT_RETURN_TYPE = YES_ERROR;
				GCC_WARN_UNDECLARED_SELECTOR = YES;
				GCC_WARN_UNINITIALIZED_AUTOS = YES_AGGRESSIVE;
				GCC_WARN_UNUSED_FUNCTION = YES;
				GCC_WARN_UNUSED_VARIABLE = YES;
				IPHONEOS_DEPLOYMENT_TARGET = 11.2;
				MTL_ENABLE_DEBUG_INFO = YES;
				ONLY_ACTIVE_ARCH = YES;
				SDKROOT = iphoneos;
				SWIFT_ACTIVE_COMPILATION_CONDITIONS = DEBUG;
				SWIFT_OPTIMIZATION_LEVEL = "-Onone";
			};
			name = Debug;
		};
		1E9BA24F1FE144F80031D5BB /* Release */ = {
			isa = XCBuildConfiguration;
			buildSettings = {
				ALWAYS_SEARCH_USER_PATHS = NO;
				CLANG_ANALYZER_NONNULL = YES;
				CLANG_ANALYZER_NUMBER_OBJECT_CONVERSION = YES_AGGRESSIVE;
				CLANG_CXX_LANGUAGE_STANDARD = "gnu++14";
				CLANG_CXX_LIBRARY = "libc++";
				CLANG_ENABLE_MODULES = YES;
				CLANG_ENABLE_OBJC_ARC = YES;
				CLANG_WARN_BLOCK_CAPTURE_AUTORELEASING = YES;
				CLANG_WARN_BOOL_CONVERSION = YES;
				CLANG_WARN_COMMA = YES;
				CLANG_WARN_CONSTANT_CONVERSION = YES;
				CLANG_WARN_DIRECT_OBJC_ISA_USAGE = YES_ERROR;
				CLANG_WARN_DOCUMENTATION_COMMENTS = YES;
				CLANG_WARN_EMPTY_BODY = YES;
				CLANG_WARN_ENUM_CONVERSION = YES;
				CLANG_WARN_INFINITE_RECURSION = YES;
				CLANG_WARN_INT_CONVERSION = YES;
				CLANG_WARN_NON_LITERAL_NULL_CONVERSION = YES;
				CLANG_WARN_OBJC_LITERAL_CONVERSION = YES;
				CLANG_WARN_OBJC_ROOT_CLASS = YES_ERROR;
				CLANG_WARN_RANGE_LOOP_ANALYSIS = YES;
				CLANG_WARN_STRICT_PROTOTYPES = YES;
				CLANG_WARN_SUSPICIOUS_MOVE = YES;
				CLANG_WARN_UNGUARDED_AVAILABILITY = YES_AGGRESSIVE;
				CLANG_WARN_UNREACHABLE_CODE = YES;
				CLANG_WARN__DUPLICATE_METHOD_MATCH = YES;
				CODE_SIGN_IDENTITY = "iPhone Developer";
				COPY_PHASE_STRIP = NO;
				DEBUG_INFORMATION_FORMAT = "dwarf-with-dsym";
				ENABLE_NS_ASSERTIONS = NO;
				ENABLE_STRICT_OBJC_MSGSEND = YES;
				GCC_C_LANGUAGE_STANDARD = gnu11;
				GCC_NO_COMMON_BLOCKS = YES;
				GCC_WARN_64_TO_32_BIT_CONVERSION = YES;
				GCC_WARN_ABOUT_RETURN_TYPE = YES_ERROR;
				GCC_WARN_UNDECLARED_SELECTOR = YES;
				GCC_WARN_UNINITIALIZED_AUTOS = YES_AGGRESSIVE;
				GCC_WARN_UNUSED_FUNCTION = YES;
				GCC_WARN_UNUSED_VARIABLE = YES;
				IPHONEOS_DEPLOYMENT_TARGET = 11.2;
				MTL_ENABLE_DEBUG_INFO = NO;
				SDKROOT = iphoneos;
				SWIFT_OPTIMIZATION_LEVEL = "-Owholemodule";
				VALIDATE_PRODUCT = YES;
			};
			name = Release;
		};
		1E9BA2511FE144F80031D5BB /* Debug */ = {
			isa = XCBuildConfiguration;
			baseConfigurationReference = 4113409C412577EE175EF869 /* Pods-MoralVictory.debug.xcconfig */;
			buildSettings = {
				ASSETCATALOG_COMPILER_APPICON_NAME = AppIcon;
				CODE_SIGN_ENTITLEMENTS = MoralVictory/MoralVictory.entitlements;
				CODE_SIGN_STYLE = Manual;
				DEVELOPMENT_TEAM = U6SU6MWHKJ;
				INFOPLIST_FILE = MoralVictory/Info.plist;
				IPHONEOS_DEPLOYMENT_TARGET = 10.0;
				LD_RUNPATH_SEARCH_PATHS = "$(inherited) @executable_path/Frameworks";
				PRODUCT_BUNDLE_IDENTIFIER = com.zaharang.ZaPushTest2017;
				PRODUCT_NAME = "$(TARGET_NAME)";
				PROVISIONING_PROFILE = "4ce373e9-d2fe-4558-92e3-703915ebe9ae";
				PROVISIONING_PROFILE_SPECIFIER = HackathonTest;
				SWIFT_VERSION = 4.0;
				TARGETED_DEVICE_FAMILY = "1,2";
			};
			name = Debug;
		};
		1E9BA2521FE144F80031D5BB /* Release */ = {
			isa = XCBuildConfiguration;
			baseConfigurationReference = 0EC74668F04705EC78834892 /* Pods-MoralVictory.release.xcconfig */;
			buildSettings = {
				ASSETCATALOG_COMPILER_APPICON_NAME = AppIcon;
				CODE_SIGN_ENTITLEMENTS = MoralVictory/MoralVictory.entitlements;
				CODE_SIGN_STYLE = Manual;
				DEVELOPMENT_TEAM = "";
				INFOPLIST_FILE = MoralVictory/Info.plist;
				IPHONEOS_DEPLOYMENT_TARGET = 10.0;
				LD_RUNPATH_SEARCH_PATHS = "$(inherited) @executable_path/Frameworks";
				PRODUCT_BUNDLE_IDENTIFIER = com.zaharang.ZaPushTest2017;
				PRODUCT_NAME = "$(TARGET_NAME)";
				PROVISIONING_PROFILE_SPECIFIER = "";
				SWIFT_VERSION = 4.0;
				TARGETED_DEVICE_FAMILY = "1,2";
			};
			name = Release;
		};
/* End XCBuildConfiguration section */

/* Begin XCConfigurationList section */
		1E9BA2391FE144F80031D5BB /* Build configuration list for PBXProject "MoralVictory" */ = {
			isa = XCConfigurationList;
			buildConfigurations = (
				1E9BA24E1FE144F80031D5BB /* Debug */,
				1E9BA24F1FE144F80031D5BB /* Release */,
			);
			defaultConfigurationIsVisible = 0;
			defaultConfigurationName = Release;
		};
		1E9BA2501FE144F80031D5BB /* Build configuration list for PBXNativeTarget "MoralVictory" */ = {
			isa = XCConfigurationList;
			buildConfigurations = (
				1E9BA2511FE144F80031D5BB /* Debug */,
				1E9BA2521FE144F80031D5BB /* Release */,
			);
			defaultConfigurationIsVisible = 0;
			defaultConfigurationName = Release;
		};
/* End XCConfigurationList section */
	};
	rootObject = 1E9BA2361FE144F80031D5BB /* Project object */;
}
